
Microsoft Visual Studio Solution File, Format Version 12.00
# Visual Studio Version 16
VisualStudioVersion = 25.0.1706.5
MinimumVisualStudioVersion = 10.0.40219.1
Project("{FAE04EC0-301F-11D3-BF4B-00C04F79EFBC}") = "NBASim", "NBASim\NBASim.csproj", "{27BD20F3-0134-4336-AEA5-E6E88FD32F28}"
EndProject
Global
	GlobalSection(SolutionConfigurationPlatforms) = preSolution
		Debug|Any CPU = Debug|Any CPU
		Release|Any CPU = Release|Any CPU
	EndGlobalSection
	GlobalSection(ProjectConfigurationPlatforms) = postSolution
		{27BD20F3-0134-4336-AEA5-E6E88FD32F28}.Debug|Any CPU.ActiveCfg = Debug|Any CPU
		{27BD20F3-0134-4336-AEA5-E6E88FD32F28}.Debug|Any CPU.Build.0 = Debug|Any CPU
		{27BD20F3-0134-4336-AEA5-E6E88FD32F28}.Release|Any CPU.ActiveCfg = Release|Any CPU
		{27BD20F3-0134-4336-AEA5-E6E88FD32F28}.Release|Any CPU.Build.0 = Release|Any CPU
	EndGlobalSection
	GlobalSection(SolutionProperties) = preSolution
		HideSolutionNode = FALSE
	EndGlobalSection
	GlobalSection(ExtensibilityGlobals) = postSolution
		SolutionGuid = {6C31ADB7-EA2C-486B-9169-9932A76C80E9}
	EndGlobalSection
EndGlobal
